
Microsoft Visual Studio Solution File, Format Version 12.00
# Visual Studio Version 17
VisualStudioVersion = 17.10.35027.167
MinimumVisualStudioVersion = 10.0.40219.1
Project("{FAE04EC0-301F-11D3-BF4B-00C04F79EFBC}") = "MaxiShop.Web", "..\MaxiShop\MaxiShop.Web\MaxiShop.Web.csproj", "{5764D49E-E8FC-40BA-A711-A2C6F032A4E9}"
EndProject
Project("{2150E333-8FDC-42A3-9474-1A3956D46DE8}") = "src", "src", "{857BB6E6-576F-4EB1-82ED-1989CF9AB7E0}"
EndProject
Global
	GlobalSection(SolutionConfigurationPlatforms) = preSolution
		Debug|Any CPU = Debug|Any CPU
		Release|Any CPU = Release|Any CPU
	EndGlobalSection
	GlobalSection(ProjectConfigurationPlatforms) = postSolution
		{5764D49E-E8FC-40BA-A711-A2C6F032A4E9}.Debug|Any CPU.ActiveCfg = Debug|Any CPU
		{5764D49E-E8FC-40BA-A711-A2C6F032A4E9}.Debug|Any CPU.Build.0 = Debug|Any CPU
		{5764D49E-E8FC-40BA-A711-A2C6F032A4E9}.Release|Any CPU.ActiveCfg = Release|Any CPU
		{5764D49E-E8FC-40BA-A711-A2C6F032A4E9}.Release|Any CPU.Build.0 = Release|Any CPU
	EndGlobalSection
	GlobalSection(SolutionProperties) = preSolution
		HideSolutionNode = FALSE
	EndGlobalSection
	GlobalSection(NestedProjects) = preSolution
		{5764D49E-E8FC-40BA-A711-A2C6F032A4E9} = {857BB6E6-576F-4EB1-82ED-1989CF9AB7E0}
	EndGlobalSection
	GlobalSection(ExtensibilityGlobals) = postSolution
		SolutionGuid = {8B376517-3EFE-450E-BFAB-56CFBB64394A}
	EndGlobalSection
EndGlobal
